
Microsoft Visual Studio Solution File, Format Version 12.00
# Visual Studio 14
VisualStudioVersion = 14.0.23107.0
MinimumVisualStudioVersion = 10.0.40219.1
Project("{FAE04EC0-301F-11D3-BF4B-00C04F79EFBC}") = "tddd49-holdem", "tddd49-holdem\tddd49-holdem.csproj", "{71062D74-9FEF-49DF-9ED9-39F84603C51A}"
EndProject
Project("{FAE04EC0-301F-11D3-BF4B-00C04F79EFBC}") = "tddd49-holdem-gui", "tddd49-holdem-gui\tddd49-holdem-gui.csproj", "{4519854A-6858-459E-BBAB-5EEAC0832245}"
EndProject
Global
	GlobalSection(SolutionConfigurationPlatforms) = preSolution
		Debug|Any CPU = Debug|Any CPU
		Release|Any CPU = Release|Any CPU
	EndGlobalSection
	GlobalSection(ProjectConfigurationPlatforms) = postSolution
		{71062D74-9FEF-49DF-9ED9-39F84603C51A}.Debug|Any CPU.ActiveCfg = Debug|Any CPU
		{71062D74-9FEF-49DF-9ED9-39F84603C51A}.Debug|Any CPU.Build.0 = Debug|Any CPU
		{71062D74-9FEF-49DF-9ED9-39F84603C51A}.Release|Any CPU.ActiveCfg = Release|Any CPU
		{71062D74-9FEF-49DF-9ED9-39F84603C51A}.Release|Any CPU.Build.0 = Release|Any CPU
		{4519854A-6858-459E-BBAB-5EEAC0832245}.Debug|Any CPU.ActiveCfg = Debug|Any CPU
		{4519854A-6858-459E-BBAB-5EEAC0832245}.Debug|Any CPU.Build.0 = Debug|Any CPU
		{4519854A-6858-459E-BBAB-5EEAC0832245}.Release|Any CPU.ActiveCfg = Release|Any CPU
		{4519854A-6858-459E-BBAB-5EEAC0832245}.Release|Any CPU.Build.0 = Release|Any CPU
	EndGlobalSection
	GlobalSection(SolutionProperties) = preSolution
		HideSolutionNode = FALSE
	EndGlobalSection
EndGlobal
